
Microsoft Visual Studio Solution File, Format Version 12.00
# Visual Studio Express 2013 for Web
VisualStudioVersion = 12.0.21005.1
MinimumVisualStudioVersion = 10.0.40219.1
Project("{FAE04EC0-301F-11D3-BF4B-00C04F79EFBC}") = "IntelligentFitness", "IntelligentFitness\IntelligentFitness.csproj", "{11EB5291-E248-410D-951A-513E2F3A9515}"
EndProject
Project("{FAE04EC0-301F-11D3-BF4B-00C04F79EFBC}") = "IntelligentFitness.Tests", "IntelligentFitness.Tests\IntelligentFitness.Tests.csproj", "{9997F2A7-0387-456C-BC09-29535335C846}"
EndProject
Global
	GlobalSection(SolutionConfigurationPlatforms) = preSolution
		Debug|Any CPU = Debug|Any CPU
		Release|Any CPU = Release|Any CPU
	EndGlobalSection
	GlobalSection(ProjectConfigurationPlatforms) = postSolution
		{11EB5291-E248-410D-951A-513E2F3A9515}.Debug|Any CPU.ActiveCfg = Debug|Any CPU
		{11EB5291-E248-410D-951A-513E2F3A9515}.Debug|Any CPU.Build.0 = Debug|Any CPU
		{11EB5291-E248-410D-951A-513E2F3A9515}.Release|Any CPU.ActiveCfg = Release|Any CPU
		{11EB5291-E248-410D-951A-513E2F3A9515}.Release|Any CPU.Build.0 = Release|Any CPU
		{9997F2A7-0387-456C-BC09-29535335C846}.Debug|Any CPU.ActiveCfg = Debug|Any CPU
		{9997F2A7-0387-456C-BC09-29535335C846}.Debug|Any CPU.Build.0 = Debug|Any CPU
		{9997F2A7-0387-456C-BC09-29535335C846}.Release|Any CPU.ActiveCfg = Release|Any CPU
		{9997F2A7-0387-456C-BC09-29535335C846}.Release|Any CPU.Build.0 = Release|Any CPU
	EndGlobalSection
	GlobalSection(SolutionProperties) = preSolution
		HideSolutionNode = FALSE
	EndGlobalSection
EndGlobal
